# THIS IS AN AUTOGENERATED FILE. DO NOT EDIT THIS FILE DIRECTLY.
# yarn lockfile v1


bootbox@^4.4.0:
  version "4.4.0"
  resolved "https://registry.yarnpkg.com/bootbox/-/bootbox-4.4.0.tgz#ff7f898fb87d4527e547feb64158f88450d1a0c9"

bootstrap3@^3.3.5:
  version "3.3.5"
  resolved "https://registry.yarnpkg.com/bootstrap3/-/bootstrap3-3.3.5.tgz#496a4ef6c087214fa96838196d60de645e82591a"

datatables.net-bs@^1.10.16:
  version "1.10.16"
  resolved "https://registry.yarnpkg.com/datatables.net-bs/-/datatables.net-bs-1.10.16.tgz#b0854f5b374f713ae3db4156c7cea8a760c3de76"
  dependencies:
    datatables.net "1.10.16"
    jquery ">=1.7"

datatables.net@1.10.16:
  version "1.10.16"
  resolved "https://registry.yarnpkg.com/datatables.net/-/datatables.net-1.10.16.tgz#4b052d1082824261b68eed9d22741b711d3d2469"
  dependencies:
    jquery ">=1.7"

jquery@>=1.7, jquery@^3.3.1:
  version "3.3.1"
  resolved "https://registry.yarnpkg.com/jquery/-/jquery-3.3.1.tgz#958ce29e81c9790f31be7792df5d4d95fc57fbca"
